
Microsoft Visual Studio Solution File, Format Version 10.00
# Visual Studio 2008
Project("{8BC9CEB8-8B4A-11D0-8D11-00A0C91BC942}") = "ecs61850", "src\ecs61850.vcproj", "{65E4BBB1-8CC3-4D32-8A38-92D90E9889FA}"
EndProject
Global
	GlobalSection(SolutionConfigurationPlatforms) = preSolution
		Debug|Win32 = Debug|Win32
		Release|Win32 = Release|Win32
	EndGlobalSection
	GlobalSection(ProjectConfigurationPlatforms) = postSolution
		{65E4BBB1-8CC3-4D32-8A38-92D90E9889FA}.Debug|Win32.ActiveCfg = Debug|Win32
		{65E4BBB1-8CC3-4D32-8A38-92D90E9889FA}.Debug|Win32.Build.0 = Debug|Win32
		{65E4BBB1-8CC3-4D32-8A38-92D90E9889FA}.Release|Win32.ActiveCfg = Release|Win32
		{65E4BBB1-8CC3-4D32-8A38-92D90E9889FA}.Release|Win32.Build.0 = Release|Win32
	EndGlobalSection
	GlobalSection(SolutionProperties) = preSolution
		HideSolutionNode = FALSE
	EndGlobalSection
EndGlobal
